
Microsoft Visual Studio Solution File, Format Version 12.00
# Visual Studio 2015
Project("{FAE04EC0-301F-11D3-BF4B-00C04F79EFBC}") = "Monster Reborn.CSharp", "Monster Reborn.CSharp.csproj", "{8093BBCC-DBE7-48CE-BFF7-54C3D301C235}"
EndProject
Project("{FAE04EC0-301F-11D3-BF4B-00C04F79EFBC}") = "Monster Reborn.CSharp.Editor", "Monster Reborn.CSharp.Editor.csproj", "{90B43A62-8700-173F-2505-DEC4EE38A894}"
EndProject
Global
	GlobalSection(SolutionConfigurationPlatforms) = preSolution
		Debug|Any CPU = Debug|Any CPU
		Release|Any CPU = Release|Any CPU
	EndGlobalSection
	GlobalSection(ProjectConfigurationPlatforms) = postSolution
		{8093BBCC-DBE7-48CE-BFF7-54C3D301C235}.Debug|Any CPU.ActiveCfg = Debug|Any CPU
		{8093BBCC-DBE7-48CE-BFF7-54C3D301C235}.Debug|Any CPU.Build.0 = Debug|Any CPU
		{8093BBCC-DBE7-48CE-BFF7-54C3D301C235}.Release|Any CPU.ActiveCfg = Release|Any CPU
		{8093BBCC-DBE7-48CE-BFF7-54C3D301C235}.Release|Any CPU.Build.0 = Release|Any CPU
		{90B43A62-8700-173F-2505-DEC4EE38A894}.Debug|Any CPU.ActiveCfg = Debug|Any CPU
		{90B43A62-8700-173F-2505-DEC4EE38A894}.Debug|Any CPU.Build.0 = Debug|Any CPU
		{90B43A62-8700-173F-2505-DEC4EE38A894}.Release|Any CPU.ActiveCfg = Release|Any CPU
		{90B43A62-8700-173F-2505-DEC4EE38A894}.Release|Any CPU.Build.0 = Release|Any CPU
	EndGlobalSection
	GlobalSection(SolutionProperties) = preSolution
		HideSolutionNode = FALSE
	EndGlobalSection
EndGlobal
